
Microsoft Visual Studio Solution File, Format Version 12.00
# Visual Studio Express 2012 for Windows Desktop
Project("{8BC9CEB8-8B4A-11D0-8D11-00A0C91BC942}") = "20180911hello", "20180911hello\20180911hello.vcxproj", "{B1E71B7E-84AA-4FEF-BF6D-DD91E2B17FC7}"
EndProject
Project("{8BC9CEB8-8B4A-11D0-8D11-00A0C91BC942}") = "20180911hello2", "20180911hello2\20180911hello2.vcxproj", "{F2554151-4822-4697-A957-BEA589B6A163}"
EndProject
Project("{8BC9CEB8-8B4A-11D0-8D11-00A0C91BC942}") = "20181002변수자료형", "20181002변수자료형\20181002변수자료형.vcxproj", "{0EA3C1B4-EF36-403F-B933-CE355C4B78CF}"
EndProject
Project("{8BC9CEB8-8B4A-11D0-8D11-00A0C91BC942}") = "20181002또변수", "20181002또변수\20181002또변수.vcxproj", "{3F889649-F4B6-4FE9-84C0-5F75424AFD9B}"
EndProject
Project("{8BC9CEB8-8B4A-11D0-8D11-00A0C91BC942}") = "HW1-1", "HW1-1\HW1-1.vcxproj", "{4133E8FF-006C-4A74-8DA9-39CDE6429B61}"
EndProject
Project("{8BC9CEB8-8B4A-11D0-8D11-00A0C91BC942}") = "HW1-2", "HW1-2\HW1-2.vcxproj", "{9E66EC79-14C7-4884-B618-586F20C43130}"
EndProject
Project("{8BC9CEB8-8B4A-11D0-8D11-00A0C91BC942}") = "HW1-3", "HW1-3\HW1-3.vcxproj", "{4AAF0710-1135-486A-B1C6-1EE57F5E87AF}"
EndProject
Project("{8BC9CEB8-8B4A-11D0-8D11-00A0C91BC942}") = "HW1-4", "HW1-4\HW1-4.vcxproj", "{DA8A7EAF-D691-4E7C-A562-01D2FAA0BB9B}"
EndProject
Project("{8BC9CEB8-8B4A-11D0-8D11-00A0C91BC942}") = "HW1-5", "HW1-5\HW1-5.vcxproj", "{54944DEB-0CEE-4755-8F12-97A9CA6CCA10}"
EndProject
Project("{8BC9CEB8-8B4A-11D0-8D11-00A0C91BC942}") = "20181016loop", "20181016loop\20181016loop.vcxproj", "{785BFEDC-8AD6-43B6-A947-C4A20542DAB4}"
EndProject
Global
	GlobalSection(SolutionConfigurationPlatforms) = preSolution
		Debug|Win32 = Debug|Win32
		Release|Win32 = Release|Win32
	EndGlobalSection
	GlobalSection(ProjectConfigurationPlatforms) = postSolution
		{B1E71B7E-84AA-4FEF-BF6D-DD91E2B17FC7}.Debug|Win32.ActiveCfg = Debug|Win32
		{B1E71B7E-84AA-4FEF-BF6D-DD91E2B17FC7}.Debug|Win32.Build.0 = Debug|Win32
		{B1E71B7E-84AA-4FEF-BF6D-DD91E2B17FC7}.Release|Win32.ActiveCfg = Release|Win32
		{B1E71B7E-84AA-4FEF-BF6D-DD91E2B17FC7}.Release|Win32.Build.0 = Release|Win32
		{F2554151-4822-4697-A957-BEA589B6A163}.Debug|Win32.ActiveCfg = Debug|Win32
		{F2554151-4822-4697-A957-BEA589B6A163}.Debug|Win32.Build.0 = Debug|Win32
		{F2554151-4822-4697-A957-BEA589B6A163}.Release|Win32.ActiveCfg = Release|Win32
		{F2554151-4822-4697-A957-BEA589B6A163}.Release|Win32.Build.0 = Release|Win32
		{0EA3C1B4-EF36-403F-B933-CE355C4B78CF}.Debug|Win32.ActiveCfg = Debug|Win32
		{0EA3C1B4-EF36-403F-B933-CE355C4B78CF}.Debug|Win32.Build.0 = Debug|Win32
		{0EA3C1B4-EF36-403F-B933-CE355C4B78CF}.Release|Win32.ActiveCfg = Release|Win32
		{0EA3C1B4-EF36-403F-B933-CE355C4B78CF}.Release|Win32.Build.0 = Release|Win32
		{3F889649-F4B6-4FE9-84C0-5F75424AFD9B}.Debug|Win32.ActiveCfg = Debug|Win32
		{3F889649-F4B6-4FE9-84C0-5F75424AFD9B}.Debug|Win32.Build.0 = Debug|Win32
		{3F889649-F4B6-4FE9-84C0-5F75424AFD9B}.Release|Win32.ActiveCfg = Release|Win32
		{3F889649-F4B6-4FE9-84C0-5F75424AFD9B}.Release|Win32.Build.0 = Release|Win32
		{4133E8FF-006C-4A74-8DA9-39CDE6429B61}.Debug|Win32.ActiveCfg = Debug|Win32
		{4133E8FF-006C-4A74-8DA9-39CDE6429B61}.Debug|Win32.Build.0 = Debug|Win32
		{4133E8FF-006C-4A74-8DA9-39CDE6429B61}.Release|Win32.ActiveCfg = Release|Win32
		{4133E8FF-006C-4A74-8DA9-39CDE6429B61}.Release|Win32.Build.0 = Release|Win32
		{9E66EC79-14C7-4884-B618-586F20C43130}.Debug|Win32.ActiveCfg = Debug|Win32
		{9E66EC79-14C7-4884-B618-586F20C43130}.Debug|Win32.Build.0 = Debug|Win32
		{9E66EC79-14C7-4884-B618-586F20C43130}.Release|Win32.ActiveCfg = Release|Win32
		{9E66EC79-14C7-4884-B618-586F20C43130}.Release|Win32.Build.0 = Release|Win32
		{4AAF0710-1135-486A-B1C6-1EE57F5E87AF}.Debug|Win32.ActiveCfg = Debug|Win32
		{4AAF0710-1135-486A-B1C6-1EE57F5E87AF}.Debug|Win32.Build.0 = Debug|Win32
		{4AAF0710-1135-486A-B1C6-1EE57F5E87AF}.Release|Win32.ActiveCfg = Release|Win32
		{4AAF0710-1135-486A-B1C6-1EE57F5E87AF}.Release|Win32.Build.0 = Release|Win32
		{DA8A7EAF-D691-4E7C-A562-01D2FAA0BB9B}.Debug|Win32.ActiveCfg = Debug|Win32
		{DA8A7EAF-D691-4E7C-A562-01D2FAA0BB9B}.Debug|Win32.Build.0 = Debug|Win32
		{DA8A7EAF-D691-4E7C-A562-01D2FAA0BB9B}.Release|Win32.ActiveCfg = Release|Win32
		{DA8A7EAF-D691-4E7C-A562-01D2FAA0BB9B}.Release|Win32.Build.0 = Release|Win32
		{54944DEB-0CEE-4755-8F12-97A9CA6CCA10}.Debug|Win32.ActiveCfg = Debug|Win32
		{54944DEB-0CEE-4755-8F12-97A9CA6CCA10}.Debug|Win32.Build.0 = Debug|Win32
		{54944DEB-0CEE-4755-8F12-97A9CA6CCA10}.Release|Win32.ActiveCfg = Release|Win32
		{54944DEB-0CEE-4755-8F12-97A9CA6CCA10}.Release|Win32.Build.0 = Release|Win32
		{785BFEDC-8AD6-43B6-A947-C4A20542DAB4}.Debug|Win32.ActiveCfg = Debug|Win32
		{785BFEDC-8AD6-43B6-A947-C4A20542DAB4}.Debug|Win32.Build.0 = Debug|Win32
		{785BFEDC-8AD6-43B6-A947-C4A20542DAB4}.Release|Win32.ActiveCfg = Release|Win32
		{785BFEDC-8AD6-43B6-A947-C4A20542DAB4}.Release|Win32.Build.0 = Release|Win32
	EndGlobalSection
	GlobalSection(SolutionProperties) = preSolution
		HideSolutionNode = FALSE
	EndGlobalSection
EndGlobal
