
Microsoft Visual Studio Solution File, Format Version 12.00
# Visual Studio Express 2012 for Windows Desktop
Project("{8BC9CEB8-8B4A-11D0-8D11-00A0C91BC942}") = "20180911hello", "20180911hello\20180911hello.vcxproj", "{B1E71B7E-84AA-4FEF-BF6D-DD91E2B17FC7}"
EndProject
Project("{8BC9CEB8-8B4A-11D0-8D11-00A0C91BC942}") = "20180911hello2", "20180911hello2\20180911hello2.vcxproj", "{F2554151-4822-4697-A957-BEA589B6A163}"
EndProject
Project("{8BC9CEB8-8B4A-11D0-8D11-00A0C91BC942}") = "20181002변수자료형", "20181002변수자료형\20181002변수자료형.vcxproj", "{0EA3C1B4-EF36-403F-B933-CE355C4B78CF}"
EndProject
Project("{8BC9CEB8-8B4A-11D0-8D11-00A0C91BC942}") = "20181002또변수", "20181002또변수\20181002또변수.vcxproj", "{3F889649-F4B6-4FE9-84C0-5F75424AFD9B}"
EndProject
Project("{8BC9CEB8-8B4A-11D0-8D11-00A0C91BC942}") = "HW1-1", "HW1-1\HW1-1.vcxproj", "{4133E8FF-006C-4A74-8DA9-39CDE6429B61}"
EndProject
Project("{8BC9CEB8-8B4A-11D0-8D11-00A0C91BC942}") = "HW1-2", "HW1-2\HW1-2.vcxproj", "{9E66EC79-14C7-4884-B618-586F20C43130}"
EndProject
Project("{8BC9CEB8-8B4A-11D0-8D11-00A0C91BC942}") = "HW1-3", "HW1-3\HW1-3.vcxproj", "{4AAF0710-1135-486A-B1C6-1EE57F5E87AF}"
EndProject
Project("{8BC9CEB8-8B4A-11D0-8D11-00A0C91BC942}") = "HW1-4", "HW1-4\HW1-4.vcxproj", "{DA8A7EAF-D691-4E7C-A562-01D2FAA0BB9B}"
EndProject
Project("{8BC9CEB8-8B4A-11D0-8D11-00A0C91BC942}") = "HW1-5", "HW1-5\HW1-5.vcxproj", "{54944DEB-0CEE-4755-8F12-97A9CA6CCA10}"
EndProject
Project("{8BC9CEB8-8B4A-11D0-8D11-00A0C91BC942}") = "20181016loop", "20181016loop\20181016loop.vcxproj", "{785BFEDC-8AD6-43B6-A947-C4A20542DAB4}"
EndProject
Project("{8BC9CEB8-8B4A-11D0-8D11-00A0C91BC942}") = "HW2-1", "HW2-1\HW2-1.vcxproj", "{FD3A2F0B-AA38-4593-BE55-6FB056168AFF}"
EndProject
Project("{8BC9CEB8-8B4A-11D0-8D11-00A0C91BC942}") = "HW2-2", "HW2-2\HW2-2.vcxproj", "{52548CA1-C20C-4744-91EA-00DA36D39FC9}"
EndProject
Project("{8BC9CEB8-8B4A-11D0-8D11-00A0C91BC942}") = "HW2-3", "HW2-3\HW2-3.vcxproj", "{1337E436-9989-4463-B6D0-B02CF4B3FF02}"
EndProject
Project("{8BC9CEB8-8B4A-11D0-8D11-00A0C91BC942}") = "HW2-4", "HW2-4\HW2-4.vcxproj", "{F9DDD967-E553-4FBE-9A2D-A64E87029897}"
EndProject
Project("{8BC9CEB8-8B4A-11D0-8D11-00A0C91BC942}") = "HW2-5", "HW2-5\HW2-5.vcxproj", "{8582EE68-1F69-4AD1-A75D-4ED667CB1BE3}"
EndProject
Project("{8BC9CEB8-8B4A-11D0-8D11-00A0C91BC942}") = "HW2-6", "HW2-7\HW2-7.vcxproj", "{683EC45C-8226-4200-B3E4-7AFC35D019AD}"
EndProject
Project("{8BC9CEB8-8B4A-11D0-8D11-00A0C91BC942}") = "HW2-8", "HW2-8\HW2-8.vcxproj", "{152980E5-2DD2-4F7D-9341-C79B66A4D226}"
EndProject
Project("{8BC9CEB8-8B4A-11D0-8D11-00A0C91BC942}") = "HW2-7", "HW2-0\HW2-0.vcxproj", "{D3AD0ECB-4D44-4324-A8E0-068762940CAE}"
EndProject
Project("{8BC9CEB8-8B4A-11D0-8D11-00A0C91BC942}") = "HW2-9", "HW2-9\HW2-9.vcxproj", "{3003D814-CBC5-4567-9337-AD9DD54BFEEB}"
EndProject
Project("{8BC9CEB8-8B4A-11D0-8D11-00A0C91BC942}") = "HW2-10", "HW2-10\HW2-10.vcxproj", "{CCDFB443-F496-4E50-A8F8-0F6C60CC28EC}"
EndProject
Project("{8BC9CEB8-8B4A-11D0-8D11-00A0C91BC942}") = "HW2-11", "HW2-11\HW2-11.vcxproj", "{09A05B38-AD35-450B-A084-904D60F32702}"
EndProject
Project("{8BC9CEB8-8B4A-11D0-8D11-00A0C91BC942}") = "HW2-12", "HW2-12\HW2-12.vcxproj", "{EAC8D3A2-69B9-48AD-B4FE-D5974524D18A}"
EndProject
Project("{8BC9CEB8-8B4A-11D0-8D11-00A0C91BC942}") = "HW2-24", "HW2-24\HW2-24.vcxproj", "{D7A8D809-4B8F-4832-B0A4-3D3D3D4F83C2}"
EndProject
Project("{8BC9CEB8-8B4A-11D0-8D11-00A0C91BC942}") = "HW2-14", "HW2-14\HW2-14.vcxproj", "{355F0A6F-05D3-491B-AA12-248D198CABC6}"
EndProject
Project("{8BC9CEB8-8B4A-11D0-8D11-00A0C91BC942}") = "HW2-15", "HW2-15\HW2-15.vcxproj", "{0FEB12EF-1C74-421F-B5B8-804826388993}"
EndProject
Project("{8BC9CEB8-8B4A-11D0-8D11-00A0C91BC942}") = "HW2-16", "HW2-16\HW2-16.vcxproj", "{F238CA58-D93E-40F3-BFCD-1F5CBC7365AC}"
EndProject
Project("{8BC9CEB8-8B4A-11D0-8D11-00A0C91BC942}") = "HW2-17", "HW2-17\HW2-17.vcxproj", "{353F6E3D-2C13-4A91-A5E9-A7404FFA9F0A}"
EndProject
Project("{8BC9CEB8-8B4A-11D0-8D11-00A0C91BC942}") = "HW2-19", "HW2-19\HW2-19.vcxproj", "{78DCCE2F-CF2E-4814-BF04-999DE09A7DA8}"
EndProject
Project("{8BC9CEB8-8B4A-11D0-8D11-00A0C91BC942}") = "HW2-22", "HW2-22\HW2-22.vcxproj", "{7F0394E9-8A6A-44B3-8913-6893AE109562}"
EndProject
Project("{8BC9CEB8-8B4A-11D0-8D11-00A0C91BC942}") = "HW2-18", "HW2-18\HW2-18.vcxproj", "{3D72FD5A-2131-48DF-AF93-AB1A9B4592B7}"
EndProject
Project("{8BC9CEB8-8B4A-11D0-8D11-00A0C91BC942}") = "HW2-20", "HW2-20\HW2-20.vcxproj", "{6A6591C5-4A3D-4706-B517-7D3BE3F92757}"
EndProject
Project("{8BC9CEB8-8B4A-11D0-8D11-00A0C91BC942}") = "HW2-23", "HW2-23\HW2-23.vcxproj", "{5977C5C1-D0EC-43A2-A1CC-5452D8DBBDB9}"
EndProject
Project("{8BC9CEB8-8B4A-11D0-8D11-00A0C91BC942}") = "HW2-21", "HW2-21\HW2-21.vcxproj", "{CCCEC2B9-B971-4587-9BF3-2DEBC8593103}"
EndProject
Project("{8BC9CEB8-8B4A-11D0-8D11-00A0C91BC942}") = "HW2-25(1)", "HW2-25(1)\HW2-25(1).vcxproj", "{98951FE3-BFCC-404C-B2D0-CAAEE57436D3}"
EndProject
Project("{8BC9CEB8-8B4A-11D0-8D11-00A0C91BC942}") = "HW2-25(2)", "HW2-25(2)\HW2-25(2).vcxproj", "{8D6A5A95-CEF1-4CD1-866F-273889C4A493}"
EndProject
Project("{8BC9CEB8-8B4A-11D0-8D11-00A0C91BC942}") = "HW2-13", "HW2-13\HW2-13.vcxproj", "{121F3EDB-6E4D-458D-8A17-0229993ADCFC}"
EndProject
Project("{8BC9CEB8-8B4A-11D0-8D11-00A0C91BC942}") = "20181023함수", "20181023함수\20181023함수.vcxproj", "{888D02F3-128B-4DBC-B3B0-879880B2CAD2}"
EndProject
Project("{8BC9CEB8-8B4A-11D0-8D11-00A0C91BC942}") = "20181031array", "20181031array\20181031array.vcxproj", "{D5A9DCEB-AE32-48E8-994F-67898DC70286}"
EndProject
Project("{8BC9CEB8-8B4A-11D0-8D11-00A0C91BC942}") = "HW3-1", "HW3-1\HW3-1.vcxproj", "{EC43035D-6B0E-44EA-BF4B-18EF502F423C}"
EndProject
Project("{8BC9CEB8-8B4A-11D0-8D11-00A0C91BC942}") = "HW3-7", "HW3-7\HW3-7.vcxproj", "{CCCE9BF4-752D-4C8E-B988-F089C60A67AD}"
EndProject
Project("{8BC9CEB8-8B4A-11D0-8D11-00A0C91BC942}") = "20181106포인터", "20181106포인터\20181106포인터.vcxproj", "{21CDB977-9CDF-452C-BAB7-C8BEEDFD4017}"
EndProject
Project("{8BC9CEB8-8B4A-11D0-8D11-00A0C91BC942}") = "20181106callbypointer", "20181106callbypointer\20181106callbypointer.vcxproj", "{7F2C168C-6032-4B6A-8878-86C1FEA90A4B}"
EndProject
Project("{8BC9CEB8-8B4A-11D0-8D11-00A0C91BC942}") = "20181106swap", "20181106swap\20181106swap.vcxproj", "{95C112E4-0855-446E-88EC-AFCD68A249B0}"
EndProject
Project("{8BC9CEB8-8B4A-11D0-8D11-00A0C91BC942}") = "20181106printerandarray!", "20181106printerandarray!\20181106printerandarray!.vcxproj", "{65D90D49-5776-4972-9DBA-EBB0AB8F8BBF}"
EndProject
Project("{8BC9CEB8-8B4A-11D0-8D11-00A0C91BC942}") = "20181113arraypointer", "20181113arraypointer\20181113arraypointer.vcxproj", "{B774C6B9-24AC-4D0F-A02C-1625BC89ED76}"
EndProject
Project("{8BC9CEB8-8B4A-11D0-8D11-00A0C91BC942}") = "20181113selectionsort", "20181113selectionsort\20181113selectionsort.vcxproj", "{68EDC440-2A60-47A5-A8BC-761DC9F33DFD}"
EndProject
Global
	GlobalSection(SolutionConfigurationPlatforms) = preSolution
		Debug|Win32 = Debug|Win32
		Release|Win32 = Release|Win32
	EndGlobalSection
	GlobalSection(ProjectConfigurationPlatforms) = postSolution
		{B1E71B7E-84AA-4FEF-BF6D-DD91E2B17FC7}.Debug|Win32.ActiveCfg = Debug|Win32
		{B1E71B7E-84AA-4FEF-BF6D-DD91E2B17FC7}.Debug|Win32.Build.0 = Debug|Win32
		{B1E71B7E-84AA-4FEF-BF6D-DD91E2B17FC7}.Release|Win32.ActiveCfg = Release|Win32
		{B1E71B7E-84AA-4FEF-BF6D-DD91E2B17FC7}.Release|Win32.Build.0 = Release|Win32
		{F2554151-4822-4697-A957-BEA589B6A163}.Debug|Win32.ActiveCfg = Debug|Win32
		{F2554151-4822-4697-A957-BEA589B6A163}.Debug|Win32.Build.0 = Debug|Win32
		{F2554151-4822-4697-A957-BEA589B6A163}.Release|Win32.ActiveCfg = Release|Win32
		{F2554151-4822-4697-A957-BEA589B6A163}.Release|Win32.Build.0 = Release|Win32
		{0EA3C1B4-EF36-403F-B933-CE355C4B78CF}.Debug|Win32.ActiveCfg = Debug|Win32
		{0EA3C1B4-EF36-403F-B933-CE355C4B78CF}.Debug|Win32.Build.0 = Debug|Win32
		{0EA3C1B4-EF36-403F-B933-CE355C4B78CF}.Release|Win32.ActiveCfg = Release|Win32
		{0EA3C1B4-EF36-403F-B933-CE355C4B78CF}.Release|Win32.Build.0 = Release|Win32
		{3F889649-F4B6-4FE9-84C0-5F75424AFD9B}.Debug|Win32.ActiveCfg = Debug|Win32
		{3F889649-F4B6-4FE9-84C0-5F75424AFD9B}.Debug|Win32.Build.0 = Debug|Win32
		{3F889649-F4B6-4FE9-84C0-5F75424AFD9B}.Release|Win32.ActiveCfg = Release|Win32
		{3F889649-F4B6-4FE9-84C0-5F75424AFD9B}.Release|Win32.Build.0 = Release|Win32
		{4133E8FF-006C-4A74-8DA9-39CDE6429B61}.Debug|Win32.ActiveCfg = Debug|Win32
		{4133E8FF-006C-4A74-8DA9-39CDE6429B61}.Debug|Win32.Build.0 = Debug|Win32
		{4133E8FF-006C-4A74-8DA9-39CDE6429B61}.Release|Win32.ActiveCfg = Release|Win32
		{4133E8FF-006C-4A74-8DA9-39CDE6429B61}.Release|Win32.Build.0 = Release|Win32
		{9E66EC79-14C7-4884-B618-586F20C43130}.Debug|Win32.ActiveCfg = Debug|Win32
		{9E66EC79-14C7-4884-B618-586F20C43130}.Debug|Win32.Build.0 = Debug|Win32
		{9E66EC79-14C7-4884-B618-586F20C43130}.Release|Win32.ActiveCfg = Release|Win32
		{9E66EC79-14C7-4884-B618-586F20C43130}.Release|Win32.Build.0 = Release|Win32
		{4AAF0710-1135-486A-B1C6-1EE57F5E87AF}.Debug|Win32.ActiveCfg = Debug|Win32
		{4AAF0710-1135-486A-B1C6-1EE57F5E87AF}.Debug|Win32.Build.0 = Debug|Win32
		{4AAF0710-1135-486A-B1C6-1EE57F5E87AF}.Release|Win32.ActiveCfg = Release|Win32
		{4AAF0710-1135-486A-B1C6-1EE57F5E87AF}.Release|Win32.Build.0 = Release|Win32
		{DA8A7EAF-D691-4E7C-A562-01D2FAA0BB9B}.Debug|Win32.ActiveCfg = Debug|Win32
		{DA8A7EAF-D691-4E7C-A562-01D2FAA0BB9B}.Debug|Win32.Build.0 = Debug|Win32
		{DA8A7EAF-D691-4E7C-A562-01D2FAA0BB9B}.Release|Win32.ActiveCfg = Release|Win32
		{DA8A7EAF-D691-4E7C-A562-01D2FAA0BB9B}.Release|Win32.Build.0 = Release|Win32
		{54944DEB-0CEE-4755-8F12-97A9CA6CCA10}.Debug|Win32.ActiveCfg = Debug|Win32
		{54944DEB-0CEE-4755-8F12-97A9CA6CCA10}.Debug|Win32.Build.0 = Debug|Win32
		{54944DEB-0CEE-4755-8F12-97A9CA6CCA10}.Release|Win32.ActiveCfg = Release|Win32
		{54944DEB-0CEE-4755-8F12-97A9CA6CCA10}.Release|Win32.Build.0 = Release|Win32
		{785BFEDC-8AD6-43B6-A947-C4A20542DAB4}.Debug|Win32.ActiveCfg = Debug|Win32
		{785BFEDC-8AD6-43B6-A947-C4A20542DAB4}.Debug|Win32.Build.0 = Debug|Win32
		{785BFEDC-8AD6-43B6-A947-C4A20542DAB4}.Release|Win32.ActiveCfg = Release|Win32
		{785BFEDC-8AD6-43B6-A947-C4A20542DAB4}.Release|Win32.Build.0 = Release|Win32
		{FD3A2F0B-AA38-4593-BE55-6FB056168AFF}.Debug|Win32.ActiveCfg = Debug|Win32
		{FD3A2F0B-AA38-4593-BE55-6FB056168AFF}.Debug|Win32.Build.0 = Debug|Win32
		{FD3A2F0B-AA38-4593-BE55-6FB056168AFF}.Release|Win32.ActiveCfg = Release|Win32
		{FD3A2F0B-AA38-4593-BE55-6FB056168AFF}.Release|Win32.Build.0 = Release|Win32
		{52548CA1-C20C-4744-91EA-00DA36D39FC9}.Debug|Win32.ActiveCfg = Debug|Win32
		{52548CA1-C20C-4744-91EA-00DA36D39FC9}.Debug|Win32.Build.0 = Debug|Win32
		{52548CA1-C20C-4744-91EA-00DA36D39FC9}.Release|Win32.ActiveCfg = Release|Win32
		{52548CA1-C20C-4744-91EA-00DA36D39FC9}.Release|Win32.Build.0 = Release|Win32
		{1337E436-9989-4463-B6D0-B02CF4B3FF02}.Debug|Win32.ActiveCfg = Debug|Win32
		{1337E436-9989-4463-B6D0-B02CF4B3FF02}.Debug|Win32.Build.0 = Debug|Win32
		{1337E436-9989-4463-B6D0-B02CF4B3FF02}.Release|Win32.ActiveCfg = Release|Win32
		{1337E436-9989-4463-B6D0-B02CF4B3FF02}.Release|Win32.Build.0 = Release|Win32
		{F9DDD967-E553-4FBE-9A2D-A64E87029897}.Debug|Win32.ActiveCfg = Debug|Win32
		{F9DDD967-E553-4FBE-9A2D-A64E87029897}.Debug|Win32.Build.0 = Debug|Win32
		{F9DDD967-E553-4FBE-9A2D-A64E87029897}.Release|Win32.ActiveCfg = Release|Win32
		{F9DDD967-E553-4FBE-9A2D-A64E87029897}.Release|Win32.Build.0 = Release|Win32
		{8582EE68-1F69-4AD1-A75D-4ED667CB1BE3}.Debug|Win32.ActiveCfg = Debug|Win32
		{8582EE68-1F69-4AD1-A75D-4ED667CB1BE3}.Debug|Win32.Build.0 = Debug|Win32
		{8582EE68-1F69-4AD1-A75D-4ED667CB1BE3}.Release|Win32.ActiveCfg = Release|Win32
		{8582EE68-1F69-4AD1-A75D-4ED667CB1BE3}.Release|Win32.Build.0 = Release|Win32
		{683EC45C-8226-4200-B3E4-7AFC35D019AD}.Debug|Win32.ActiveCfg = Debug|Win32
		{683EC45C-8226-4200-B3E4-7AFC35D019AD}.Debug|Win32.Build.0 = Debug|Win32
		{683EC45C-8226-4200-B3E4-7AFC35D019AD}.Release|Win32.ActiveCfg = Release|Win32
		{683EC45C-8226-4200-B3E4-7AFC35D019AD}.Release|Win32.Build.0 = Release|Win32
		{152980E5-2DD2-4F7D-9341-C79B66A4D226}.Debug|Win32.ActiveCfg = Debug|Win32
		{152980E5-2DD2-4F7D-9341-C79B66A4D226}.Debug|Win32.Build.0 = Debug|Win32
		{152980E5-2DD2-4F7D-9341-C79B66A4D226}.Release|Win32.ActiveCfg = Release|Win32
		{152980E5-2DD2-4F7D-9341-C79B66A4D226}.Release|Win32.Build.0 = Release|Win32
		{D3AD0ECB-4D44-4324-A8E0-068762940CAE}.Debug|Win32.ActiveCfg = Debug|Win32
		{D3AD0ECB-4D44-4324-A8E0-068762940CAE}.Debug|Win32.Build.0 = Debug|Win32
		{D3AD0ECB-4D44-4324-A8E0-068762940CAE}.Release|Win32.ActiveCfg = Release|Win32
		{D3AD0ECB-4D44-4324-A8E0-068762940CAE}.Release|Win32.Build.0 = Release|Win32
		{3003D814-CBC5-4567-9337-AD9DD54BFEEB}.Debug|Win32.ActiveCfg = Debug|Win32
		{3003D814-CBC5-4567-9337-AD9DD54BFEEB}.Debug|Win32.Build.0 = Debug|Win32
		{3003D814-CBC5-4567-9337-AD9DD54BFEEB}.Release|Win32.ActiveCfg = Release|Win32
		{3003D814-CBC5-4567-9337-AD9DD54BFEEB}.Release|Win32.Build.0 = Release|Win32
		{CCDFB443-F496-4E50-A8F8-0F6C60CC28EC}.Debug|Win32.ActiveCfg = Debug|Win32
		{CCDFB443-F496-4E50-A8F8-0F6C60CC28EC}.Debug|Win32.Build.0 = Debug|Win32
		{CCDFB443-F496-4E50-A8F8-0F6C60CC28EC}.Release|Win32.ActiveCfg = Release|Win32
		{CCDFB443-F496-4E50-A8F8-0F6C60CC28EC}.Release|Win32.Build.0 = Release|Win32
		{09A05B38-AD35-450B-A084-904D60F32702}.Debug|Win32.ActiveCfg = Debug|Win32
		{09A05B38-AD35-450B-A084-904D60F32702}.Debug|Win32.Build.0 = Debug|Win32
		{09A05B38-AD35-450B-A084-904D60F32702}.Release|Win32.ActiveCfg = Release|Win32
		{09A05B38-AD35-450B-A084-904D60F32702}.Release|Win32.Build.0 = Release|Win32
		{EAC8D3A2-69B9-48AD-B4FE-D5974524D18A}.Debug|Win32.ActiveCfg = Debug|Win32
		{EAC8D3A2-69B9-48AD-B4FE-D5974524D18A}.Debug|Win32.Build.0 = Debug|Win32
		{EAC8D3A2-69B9-48AD-B4FE-D5974524D18A}.Release|Win32.ActiveCfg = Release|Win32
		{EAC8D3A2-69B9-48AD-B4FE-D5974524D18A}.Release|Win32.Build.0 = Release|Win32
		{D7A8D809-4B8F-4832-B0A4-3D3D3D4F83C2}.Debug|Win32.ActiveCfg = Debug|Win32
		{D7A8D809-4B8F-4832-B0A4-3D3D3D4F83C2}.Debug|Win32.Build.0 = Debug|Win32
		{D7A8D809-4B8F-4832-B0A4-3D3D3D4F83C2}.Release|Win32.ActiveCfg = Release|Win32
		{D7A8D809-4B8F-4832-B0A4-3D3D3D4F83C2}.Release|Win32.Build.0 = Release|Win32
		{355F0A6F-05D3-491B-AA12-248D198CABC6}.Debug|Win32.ActiveCfg = Debug|Win32
		{355F0A6F-05D3-491B-AA12-248D198CABC6}.Debug|Win32.Build.0 = Debug|Win32
		{355F0A6F-05D3-491B-AA12-248D198CABC6}.Release|Win32.ActiveCfg = Release|Win32
		{355F0A6F-05D3-491B-AA12-248D198CABC6}.Release|Win32.Build.0 = Release|Win32
		{0FEB12EF-1C74-421F-B5B8-804826388993}.Debug|Win32.ActiveCfg = Debug|Win32
		{0FEB12EF-1C74-421F-B5B8-804826388993}.Debug|Win32.Build.0 = Debug|Win32
		{0FEB12EF-1C74-421F-B5B8-804826388993}.Release|Win32.ActiveCfg = Release|Win32
		{0FEB12EF-1C74-421F-B5B8-804826388993}.Release|Win32.Build.0 = Release|Win32
		{F238CA58-D93E-40F3-BFCD-1F5CBC7365AC}.Debug|Win32.ActiveCfg = Debug|Win32
		{F238CA58-D93E-40F3-BFCD-1F5CBC7365AC}.Debug|Win32.Build.0 = Debug|Win32
		{F238CA58-D93E-40F3-BFCD-1F5CBC7365AC}.Release|Win32.ActiveCfg = Release|Win32
		{F238CA58-D93E-40F3-BFCD-1F5CBC7365AC}.Release|Win32.Build.0 = Release|Win32
		{353F6E3D-2C13-4A91-A5E9-A7404FFA9F0A}.Debug|Win32.ActiveCfg = Debug|Win32
		{353F6E3D-2C13-4A91-A5E9-A7404FFA9F0A}.Debug|Win32.Build.0 = Debug|Win32
		{353F6E3D-2C13-4A91-A5E9-A7404FFA9F0A}.Release|Win32.ActiveCfg = Release|Win32
		{353F6E3D-2C13-4A91-A5E9-A7404FFA9F0A}.Release|Win32.Build.0 = Release|Win32
		{78DCCE2F-CF2E-4814-BF04-999DE09A7DA8}.Debug|Win32.ActiveCfg = Debug|Win32
		{78DCCE2F-CF2E-4814-BF04-999DE09A7DA8}.Debug|Win32.Build.0 = Debug|Win32
		{78DCCE2F-CF2E-4814-BF04-999DE09A7DA8}.Release|Win32.ActiveCfg = Release|Win32
		{78DCCE2F-CF2E-4814-BF04-999DE09A7DA8}.Release|Win32.Build.0 = Release|Win32
		{7F0394E9-8A6A-44B3-8913-6893AE109562}.Debug|Win32.ActiveCfg = Debug|Win32
		{7F0394E9-8A6A-44B3-8913-6893AE109562}.Debug|Win32.Build.0 = Debug|Win32
		{7F0394E9-8A6A-44B3-8913-6893AE109562}.Release|Win32.ActiveCfg = Release|Win32
		{7F0394E9-8A6A-44B3-8913-6893AE109562}.Release|Win32.Build.0 = Release|Win32
		{3D72FD5A-2131-48DF-AF93-AB1A9B4592B7}.Debug|Win32.ActiveCfg = Debug|Win32
		{3D72FD5A-2131-48DF-AF93-AB1A9B4592B7}.Debug|Win32.Build.0 = Debug|Win32
		{3D72FD5A-2131-48DF-AF93-AB1A9B4592B7}.Release|Win32.ActiveCfg = Release|Win32
		{3D72FD5A-2131-48DF-AF93-AB1A9B4592B7}.Release|Win32.Build.0 = Release|Win32
		{6A6591C5-4A3D-4706-B517-7D3BE3F92757}.Debug|Win32.ActiveCfg = Debug|Win32
		{6A6591C5-4A3D-4706-B517-7D3BE3F92757}.Debug|Win32.Build.0 = Debug|Win32
		{6A6591C5-4A3D-4706-B517-7D3BE3F92757}.Release|Win32.ActiveCfg = Release|Win32
		{6A6591C5-4A3D-4706-B517-7D3BE3F92757}.Release|Win32.Build.0 = Release|Win32
		{5977C5C1-D0EC-43A2-A1CC-5452D8DBBDB9}.Debug|Win32.ActiveCfg = Debug|Win32
		{5977C5C1-D0EC-43A2-A1CC-5452D8DBBDB9}.Debug|Win32.Build.0 = Debug|Win32
		{5977C5C1-D0EC-43A2-A1CC-5452D8DBBDB9}.Release|Win32.ActiveCfg = Release|Win32
		{5977C5C1-D0EC-43A2-A1CC-5452D8DBBDB9}.Release|Win32.Build.0 = Release|Win32
		{CCCEC2B9-B971-4587-9BF3-2DEBC8593103}.Debug|Win32.ActiveCfg = Debug|Win32
		{CCCEC2B9-B971-4587-9BF3-2DEBC8593103}.Debug|Win32.Build.0 = Debug|Win32
		{CCCEC2B9-B971-4587-9BF3-2DEBC8593103}.Release|Win32.ActiveCfg = Release|Win32
		{CCCEC2B9-B971-4587-9BF3-2DEBC8593103}.Release|Win32.Build.0 = Release|Win32
		{98951FE3-BFCC-404C-B2D0-CAAEE57436D3}.Debug|Win32.ActiveCfg = Debug|Win32
		{98951FE3-BFCC-404C-B2D0-CAAEE57436D3}.Debug|Win32.Build.0 = Debug|Win32
		{98951FE3-BFCC-404C-B2D0-CAAEE57436D3}.Release|Win32.ActiveCfg = Release|Win32
		{98951FE3-BFCC-404C-B2D0-CAAEE57436D3}.Release|Win32.Build.0 = Release|Win32
		{8D6A5A95-CEF1-4CD1-866F-273889C4A493}.Debug|Win32.ActiveCfg = Debug|Win32
		{8D6A5A95-CEF1-4CD1-866F-273889C4A493}.Debug|Win32.Build.0 = Debug|Win32
		{8D6A5A95-CEF1-4CD1-866F-273889C4A493}.Release|Win32.ActiveCfg = Release|Win32
		{8D6A5A95-CEF1-4CD1-866F-273889C4A493}.Release|Win32.Build.0 = Release|Win32
		{121F3EDB-6E4D-458D-8A17-0229993ADCFC}.Debug|Win32.ActiveCfg = Debug|Win32
		{121F3EDB-6E4D-458D-8A17-0229993ADCFC}.Debug|Win32.Build.0 = Debug|Win32
		{121F3EDB-6E4D-458D-8A17-0229993ADCFC}.Release|Win32.ActiveCfg = Release|Win32
		{121F3EDB-6E4D-458D-8A17-0229993ADCFC}.Release|Win32.Build.0 = Release|Win32
		{888D02F3-128B-4DBC-B3B0-879880B2CAD2}.Debug|Win32.ActiveCfg = Debug|Win32
		{888D02F3-128B-4DBC-B3B0-879880B2CAD2}.Debug|Win32.Build.0 = Debug|Win32
		{888D02F3-128B-4DBC-B3B0-879880B2CAD2}.Release|Win32.ActiveCfg = Release|Win32
		{888D02F3-128B-4DBC-B3B0-879880B2CAD2}.Release|Win32.Build.0 = Release|Win32
		{D5A9DCEB-AE32-48E8-994F-67898DC70286}.Debug|Win32.ActiveCfg = Debug|Win32
		{D5A9DCEB-AE32-48E8-994F-67898DC70286}.Debug|Win32.Build.0 = Debug|Win32
		{D5A9DCEB-AE32-48E8-994F-67898DC70286}.Release|Win32.ActiveCfg = Release|Win32
		{D5A9DCEB-AE32-48E8-994F-67898DC70286}.Release|Win32.Build.0 = Release|Win32
		{EC43035D-6B0E-44EA-BF4B-18EF502F423C}.Debug|Win32.ActiveCfg = Debug|Win32
		{EC43035D-6B0E-44EA-BF4B-18EF502F423C}.Debug|Win32.Build.0 = Debug|Win32
		{EC43035D-6B0E-44EA-BF4B-18EF502F423C}.Release|Win32.ActiveCfg = Release|Win32
		{EC43035D-6B0E-44EA-BF4B-18EF502F423C}.Release|Win32.Build.0 = Release|Win32
		{CCCE9BF4-752D-4C8E-B988-F089C60A67AD}.Debug|Win32.ActiveCfg = Debug|Win32
		{CCCE9BF4-752D-4C8E-B988-F089C60A67AD}.Debug|Win32.Build.0 = Debug|Win32
		{CCCE9BF4-752D-4C8E-B988-F089C60A67AD}.Release|Win32.ActiveCfg = Release|Win32
		{CCCE9BF4-752D-4C8E-B988-F089C60A67AD}.Release|Win32.Build.0 = Release|Win32
		{21CDB977-9CDF-452C-BAB7-C8BEEDFD4017}.Debug|Win32.ActiveCfg = Debug|Win32
		{21CDB977-9CDF-452C-BAB7-C8BEEDFD4017}.Debug|Win32.Build.0 = Debug|Win32
		{21CDB977-9CDF-452C-BAB7-C8BEEDFD4017}.Release|Win32.ActiveCfg = Release|Win32
		{21CDB977-9CDF-452C-BAB7-C8BEEDFD4017}.Release|Win32.Build.0 = Release|Win32
		{7F2C168C-6032-4B6A-8878-86C1FEA90A4B}.Debug|Win32.ActiveCfg = Debug|Win32
		{7F2C168C-6032-4B6A-8878-86C1FEA90A4B}.Debug|Win32.Build.0 = Debug|Win32
		{7F2C168C-6032-4B6A-8878-86C1FEA90A4B}.Release|Win32.ActiveCfg = Release|Win32
		{7F2C168C-6032-4B6A-8878-86C1FEA90A4B}.Release|Win32.Build.0 = Release|Win32
		{95C112E4-0855-446E-88EC-AFCD68A249B0}.Debug|Win32.ActiveCfg = Debug|Win32
		{95C112E4-0855-446E-88EC-AFCD68A249B0}.Debug|Win32.Build.0 = Debug|Win32
		{95C112E4-0855-446E-88EC-AFCD68A249B0}.Release|Win32.ActiveCfg = Release|Win32
		{95C112E4-0855-446E-88EC-AFCD68A249B0}.Release|Win32.Build.0 = Release|Win32
		{65D90D49-5776-4972-9DBA-EBB0AB8F8BBF}.Debug|Win32.ActiveCfg = Debug|Win32
		{65D90D49-5776-4972-9DBA-EBB0AB8F8BBF}.Debug|Win32.Build.0 = Debug|Win32
		{65D90D49-5776-4972-9DBA-EBB0AB8F8BBF}.Release|Win32.ActiveCfg = Release|Win32
		{65D90D49-5776-4972-9DBA-EBB0AB8F8BBF}.Release|Win32.Build.0 = Release|Win32
		{B774C6B9-24AC-4D0F-A02C-1625BC89ED76}.Debug|Win32.ActiveCfg = Debug|Win32
		{B774C6B9-24AC-4D0F-A02C-1625BC89ED76}.Debug|Win32.Build.0 = Debug|Win32
		{B774C6B9-24AC-4D0F-A02C-1625BC89ED76}.Release|Win32.ActiveCfg = Release|Win32
		{B774C6B9-24AC-4D0F-A02C-1625BC89ED76}.Release|Win32.Build.0 = Release|Win32
		{68EDC440-2A60-47A5-A8BC-761DC9F33DFD}.Debug|Win32.ActiveCfg = Debug|Win32
		{68EDC440-2A60-47A5-A8BC-761DC9F33DFD}.Debug|Win32.Build.0 = Debug|Win32
		{68EDC440-2A60-47A5-A8BC-761DC9F33DFD}.Release|Win32.ActiveCfg = Release|Win32
		{68EDC440-2A60-47A5-A8BC-761DC9F33DFD}.Release|Win32.Build.0 = Release|Win32
	EndGlobalSection
	GlobalSection(SolutionProperties) = preSolution
		HideSolutionNode = FALSE
	EndGlobalSection
EndGlobal
